
Microsoft Visual Studio Solution File, Format Version 11.00
# Visual Studio 2010
Project("{FAE04EC0-301F-11D3-BF4B-00C04F79EFBC}") = "WalletSized.Android", "WalletSized.Android\WalletSized.Android.csproj", "{D55D7986-1135-464F-ACD3-F1B424AFCAEE}"
EndProject
Global
	GlobalSection(SolutionConfigurationPlatforms) = preSolution
		Debug|Any CPU = Debug|Any CPU
		Release|Any CPU = Release|Any CPU
	EndGlobalSection
	GlobalSection(ProjectConfigurationPlatforms) = postSolution
		{D55D7986-1135-464F-ACD3-F1B424AFCAEE}.Debug|Any CPU.ActiveCfg = Debug|Any CPU
		{D55D7986-1135-464F-ACD3-F1B424AFCAEE}.Debug|Any CPU.Build.0 = Debug|Any CPU
		{D55D7986-1135-464F-ACD3-F1B424AFCAEE}.Release|Any CPU.ActiveCfg = Release|Any CPU
		{D55D7986-1135-464F-ACD3-F1B424AFCAEE}.Release|Any CPU.Build.0 = Release|Any CPU
	EndGlobalSection
	GlobalSection(MonoDevelopProperties) = preSolution
		StartupItem = WalletSized.Android\WalletSized.Android.csproj
	EndGlobalSection
EndGlobal
