
Microsoft Visual Studio Solution File, Format Version 11.00
# Visual Studio 2010
Project("{FAE04EC0-301F-11D3-BF4B-00C04F79EFBC}") = "Wallet-Sized", "Wallet-Sized\Wallet-Sized.csproj", "{497080F4-DF6C-4D64-ADCD-595D31E96424}"
EndProject
Global
	GlobalSection(SolutionConfigurationPlatforms) = preSolution
		Debug|Any CPU = Debug|Any CPU
		Release|Any CPU = Release|Any CPU
	EndGlobalSection
	GlobalSection(ProjectConfigurationPlatforms) = postSolution
		{497080F4-DF6C-4D64-ADCD-595D31E96424}.Debug|Any CPU.ActiveCfg = Debug|Any CPU
		{497080F4-DF6C-4D64-ADCD-595D31E96424}.Debug|Any CPU.Build.0 = Debug|Any CPU
		{497080F4-DF6C-4D64-ADCD-595D31E96424}.Release|Any CPU.ActiveCfg = Release|Any CPU
		{497080F4-DF6C-4D64-ADCD-595D31E96424}.Release|Any CPU.Build.0 = Release|Any CPU
	EndGlobalSection
	GlobalSection(MonoDevelopProperties) = preSolution
		StartupItem = Wallet-Sized\Wallet-Sized.csproj
	EndGlobalSection
EndGlobal
